
Microsoft Visual Studio Solution File, Format Version 12.00
# Visual Studio Version 17
VisualStudioVersion = 17.4.33205.214
MinimumVisualStudioVersion = 10.0.40219.1
Project("{9A19103F-16F7-4668-BE54-9A1E7A4F7556}") = "ShoppingList", "ShoppingList.csproj", "{BC468D45-6183-4E44-B61B-E049F726D1DA}"
EndProject
Global
	GlobalSection(SolutionConfigurationPlatforms) = preSolution
		Debug|Any CPU = Debug|Any CPU
		Release|Any CPU = Release|Any CPU
	EndGlobalSection
	GlobalSection(ProjectConfigurationPlatforms) = postSolution
		{BC468D45-6183-4E44-B61B-E049F726D1DA}.Debug|Any CPU.ActiveCfg = Debug|Any CPU
		{BC468D45-6183-4E44-B61B-E049F726D1DA}.Debug|Any CPU.Build.0 = Debug|Any CPU
		{BC468D45-6183-4E44-B61B-E049F726D1DA}.Release|Any CPU.ActiveCfg = Release|Any CPU
		{BC468D45-6183-4E44-B61B-E049F726D1DA}.Release|Any CPU.Build.0 = Release|Any CPU
	EndGlobalSection
	GlobalSection(SolutionProperties) = preSolution
		HideSolutionNode = FALSE
	EndGlobalSection
	GlobalSection(ExtensibilityGlobals) = postSolution
		SolutionGuid = {5DFDC5F2-693E-4319-830D-FB9993E63BD4}
	EndGlobalSection
EndGlobal
